// !$*UTF8*$!
{
	archiveVersion = 1;
	classes = {
	};
	objectVersion = 46;
	objects = {

/* Begin PBXBuildFile section */
		38059E0314D93D7400905143 /* icon_info.png in Resources */ = {isa = PBXBuildFile; fileRef = 38059E0214D93D7400905143 /* icon_info.png */; };
		3830962E14D863F900DB7B61 /* table.png in Resources */ = {isa = PBXBuildFile; fileRef = 3830962A14D863F900DB7B61 /* table.png */; };
		3830963414D86A7100DB7B61 /* Default.png in Resources */ = {isa = PBXBuildFile; fileRef = 3830963314D86A7100DB7B61 /* Default.png */; };
		3830963614D86A8C00DB7B61 /* icon_ball.png in Resources */ = {isa = PBXBuildFile; fileRef = 3830963514D86A8C00DB7B61 /* icon_ball.png */; };
		3830963814D86E4300DB7B61 /* batterRight.png in Resources */ = {isa = PBXBuildFile; fileRef = 3830963714D86E4300DB7B61 /* batterRight.png */; };
		3830963B14D86FCD00DB7B61 /* ballZone.png in Resources */ = {isa = PBXBuildFile; fileRef = 3830963914D86FCD00DB7B61 /* ballZone.png */; };
		3830963C14D86FCD00DB7B61 /* strikezone.png in Resources */ = {isa = PBXBuildFile; fileRef = 3830963A14D86FCD00DB7B61 /* strikezone.png */; };
		3830964214D8715F00DB7B61 /* StrikeZoneModeViewController.m in Sources */ = {isa = PBXBuildFile; fileRef = 3830964014D8715F00DB7B61 /* StrikeZoneModeViewController.m */; };
		3830964314D8715F00DB7B61 /* StrikeZoneModeViewController.xib in Resources */ = {isa = PBXBuildFile; fileRef = 3830964114D8715F00DB7B61 /* StrikeZoneModeViewController.xib */; };
		3830964514D8719C00DB7B61 /* strikezoneRight.png in Resources */ = {isa = PBXBuildFile; fileRef = 3830964414D8719C00DB7B61 /* strikezoneRight.png */; };
		384D092E14E419B5009FA89C /* BaseModeViewController.m in Sources */ = {isa = PBXBuildFile; fileRef = 384D092D14E419B5009FA89C /* BaseModeViewController.m */; };
		38A1851D14E6B29C00454473 /* PlusMinusModeViewController.m in Sources */ = {isa = PBXBuildFile; fileRef = 38A1851C14E6B29C00454473 /* PlusMinusModeViewController.m */; };
		38A1852614E6B81700454473 /* icon_minus.png in Resources */ = {isa = PBXBuildFile; fileRef = 38A1852414E6B81700454473 /* icon_minus.png */; };
		38A1852714E6B81700454473 /* icon_plus.png in Resources */ = {isa = PBXBuildFile; fileRef = 38A1852514E6B81700454473 /* icon_plus.png */; };
		38A1852914E6BC4300454473 /* back_img.png in Resources */ = {isa = PBXBuildFile; fileRef = 38A1852814E6BC4300454473 /* back_img.png */; };
		38A1852B14E6BE0B00454473 /* tableBGRed.png in Resources */ = {isa = PBXBuildFile; fileRef = 38A1852A14E6BE0B00454473 /* tableBGRed.png */; };
		38C18EBD14CB63FD00D0139E /* UIKit.framework in Frameworks */ = {isa = PBXBuildFile; fileRef = 38C18EBC14CB63FD00D0139E /* UIKit.framework */; };
		38C18EBF14CB63FD00D0139E /* Foundation.framework in Frameworks */ = {isa = PBXBuildFile; fileRef = 38C18EBE14CB63FD00D0139E /* Foundation.framework */; };
		38C18EC114CB63FD00D0139E /* CoreGraphics.framework in Frameworks */ = {isa = PBXBuildFile; fileRef = 38C18EC014CB63FD00D0139E /* CoreGraphics.framework */; };
		38C18EC714CB63FD00D0139E /* InfoPlist.strings in Resources */ = {isa = PBXBuildFile; fileRef = 38C18EC514CB63FD00D0139E /* InfoPlist.strings */; };
		38C18EC914CB63FD00D0139E /* main.m in Sources */ = {isa = PBXBuildFile; fileRef = 38C18EC814CB63FD00D0139E /* main.m */; };
		38C18ECD14CB63FD00D0139E /* AppDelegate.m in Sources */ = {isa = PBXBuildFile; fileRef = 38C18ECC14CB63FD00D0139E /* AppDelegate.m */; };
		38C18ED014CB63FE00D0139E /* MainStoryboard.storyboard in Resources */ = {isa = PBXBuildFile; fileRef = 38C18ECE14CB63FD00D0139E /* MainStoryboard.storyboard */; };
		38C18ED314CB63FE00D0139E /* HomeViewController.m in Sources */ = {isa = PBXBuildFile; fileRef = 38C18ED214CB63FE00D0139E /* HomeViewController.m */; };
		38C18EDA14CB63FE00D0139E /* StatisticsViewController.m in Sources */ = {isa = PBXBuildFile; fileRef = 38C18ED914CB63FE00D0139E /* StatisticsViewController.m */; };
		38C18EE614CB63FE00D0139E /* SenTestingKit.framework in Frameworks */ = {isa = PBXBuildFile; fileRef = 38C18EE514CB63FE00D0139E /* SenTestingKit.framework */; };
		38C18EE714CB63FE00D0139E /* UIKit.framework in Frameworks */ = {isa = PBXBuildFile; fileRef = 38C18EBC14CB63FD00D0139E /* UIKit.framework */; };
		38C18EE814CB63FE00D0139E /* Foundation.framework in Frameworks */ = {isa = PBXBuildFile; fileRef = 38C18EBE14CB63FD00D0139E /* Foundation.framework */; };
		38C18EF014CB63FE00D0139E /* InfoPlist.strings in Resources */ = {isa = PBXBuildFile; fileRef = 38C18EEE14CB63FE00D0139E /* InfoPlist.strings */; };
		38C18EF314CB63FE00D0139E /* PitchCountTests.m in Sources */ = {isa = PBXBuildFile; fileRef = 38C18EF214CB63FE00D0139E /* PitchCountTests.m */; };
		38C18F0214CB688400D0139E /* DateCell.xib in Resources */ = {isa = PBXBuildFile; fileRef = 38C18F0114CB688400D0139E /* DateCell.xib */; };
		38C18F0914CB753400D0139E /* PitcherInfoHeader.xib in Resources */ = {isa = PBXBuildFile; fileRef = 38C18F0814CB753400D0139E /* PitcherInfoHeader.xib */; };
		38C6434D14DEEE77007D2E5A /* StatisticsTitleView.xib in Resources */ = {isa = PBXBuildFile; fileRef = 38C6434C14DEEE77007D2E5A /* StatisticsTitleView.xib */; };
		38D677E614D333E0002EF95B /* DataModel.xcdatamodeld in Resources */ = {isa = PBXBuildFile; fileRef = 38E9FC3014D22B1A00B48985 /* DataModel.xcdatamodeld */; };
		38E9FC2E14D1DDDC00B48985 /* CoreData.framework in Frameworks */ = {isa = PBXBuildFile; fileRef = 38E9FC2D14D1DDDC00B48985 /* CoreData.framework */; };
		38E9FC3214D22B1A00B48985 /* DataModel.xcdatamodeld in Sources */ = {isa = PBXBuildFile; fileRef = 38E9FC3014D22B1A00B48985 /* DataModel.xcdatamodeld */; };
		38E9FC3514D22F1B00B48985 /* PitcherListTableViewController.m in Sources */ = {isa = PBXBuildFile; fileRef = 38E9FC3414D22F1B00B48985 /* PitcherListTableViewController.m */; };
		38E9FCD914D2650F00B48985 /* AddPitcherTableViewController.m in Sources */ = {isa = PBXBuildFile; fileRef = 38E9FCD814D2650F00B48985 /* AddPitcherTableViewController.m */; };
		38FC9A3614E07AA100093227 /* tmp.m in Sources */ = {isa = PBXBuildFile; fileRef = 38FC9A3514E07AA100093227 /* tmp.m */; };
		38FC9A4014E0BB3300093227 /* Game.m in Sources */ = {isa = PBXBuildFile; fileRef = 38FC9A3F14E0BB3300093227 /* Game.m */; };
		38FC9A4314E0BB3400093227 /* Pitcher.m in Sources */ = {isa = PBXBuildFile; fileRef = 38FC9A4214E0BB3400093227 /* Pitcher.m */; };
/* End PBXBuildFile section */

/* Begin PBXContainerItemProxy section */
		38C18EE914CB63FE00D0139E /* PBXContainerItemProxy */ = {
			isa = PBXContainerItemProxy;
			containerPortal = 38C18EAF14CB63FD00D0139E /* Project object */;
			proxyType = 1;
			remoteGlobalIDString = 38C18EB714CB63FD00D0139E;
			remoteInfo = PitchCount;
		};
/* End PBXContainerItemProxy section */

/* Begin PBXFileReference section */
		38059E0214D93D7400905143 /* icon_info.png */ = {isa = PBXFileReference; lastKnownFileType = image.png; path = icon_info.png; sourceTree = "<group>"; };
		3830962A14D863F900DB7B61 /* table.png */ = {isa = PBXFileReference; lastKnownFileType = image.png; path = table.png; sourceTree = "<group>"; };
		3830963314D86A7100DB7B61 /* Default.png */ = {isa = PBXFileReference; lastKnownFileType = image.png; path = Default.png; sourceTree = "<group>"; };
		3830963514D86A8C00DB7B61 /* icon_ball.png */ = {isa = PBXFileReference; lastKnownFileType = image.png; path = icon_ball.png; sourceTree = "<group>"; };
		3830963714D86E4300DB7B61 /* batterRight.png */ = {isa = PBXFileReference; lastKnownFileType = image.png; path = batterRight.png; sourceTree = "<group>"; };
		3830963914D86FCD00DB7B61 /* ballZone.png */ = {isa = PBXFileReference; lastKnownFileType = image.png; path = ballZone.png; sourceTree = "<group>"; };
		3830963A14D86FCD00DB7B61 /* strikezone.png */ = {isa = PBXFileReference; lastKnownFileType = image.png; path = strikezone.png; sourceTree = "<group>"; };
		3830963F14D8715F00DB7B61 /* StrikeZoneModeViewController.h */ = {isa = PBXFileReference; fileEncoding = 4; lastKnownFileType = sourcecode.c.h; name = StrikeZoneModeViewController.h; path = ../StrikeZoneModeViewController.h; sourceTree = "<group>"; };
		3830964014D8715F00DB7B61 /* StrikeZoneModeViewController.m */ = {isa = PBXFileReference; fileEncoding = 4; lastKnownFileType = sourcecode.c.objc; name = StrikeZoneModeViewController.m; path = ../StrikeZoneModeViewController.m; sourceTree = "<group>"; };
		3830964114D8715F00DB7B61 /* StrikeZoneModeViewController.xib */ = {isa = PBXFileReference; fileEncoding = 4; lastKnownFileType = file.xib; name = StrikeZoneModeViewController.xib; path = ../StrikeZoneModeViewController.xib; sourceTree = "<group>"; };
		3830964414D8719C00DB7B61 /* strikezoneRight.png */ = {isa = PBXFileReference; lastKnownFileType = image.png; path = strikezoneRight.png; sourceTree = "<group>"; };
		384D092C14E419B5009FA89C /* BaseModeViewController.h */ = {isa = PBXFileReference; fileEncoding = 4; indentWidth = 4; lastKnownFileType = sourcecode.c.h; path = BaseModeViewController.h; sourceTree = SOURCE_ROOT; tabWidth = 4; usesTabs = 0; wrapsLines = 1; };
		384D092D14E419B5009FA89C /* BaseModeViewController.m */ = {isa = PBXFileReference; fileEncoding = 4; indentWidth = 4; lastKnownFileType = sourcecode.c.objc; path = BaseModeViewController.m; sourceTree = SOURCE_ROOT; tabWidth = 4; usesTabs = 0; wrapsLines = 1; };
		38A1851B14E6B29C00454473 /* PlusMinusModeViewController.h */ = {isa = PBXFileReference; fileEncoding = 4; lastKnownFileType = sourcecode.c.h; path = PlusMinusModeViewController.h; sourceTree = "<group>"; };
		38A1851C14E6B29C00454473 /* PlusMinusModeViewController.m */ = {isa = PBXFileReference; fileEncoding = 4; lastKnownFileType = sourcecode.c.objc; path = PlusMinusModeViewController.m; sourceTree = "<group>"; };
		38A1852414E6B81700454473 /* icon_minus.png */ = {isa = PBXFileReference; lastKnownFileType = image.png; path = icon_minus.png; sourceTree = "<group>"; };
		38A1852514E6B81700454473 /* icon_plus.png */ = {isa = PBXFileReference; lastKnownFileType = image.png; path = icon_plus.png; sourceTree = "<group>"; };
		38A1852814E6BC4300454473 /* back_img.png */ = {isa = PBXFileReference; lastKnownFileType = image.png; path = back_img.png; sourceTree = "<group>"; };
		38A1852A14E6BE0B00454473 /* tableBGRed.png */ = {isa = PBXFileReference; lastKnownFileType = image.png; path = tableBGRed.png; sourceTree = "<group>"; };
		38C18EB814CB63FD00D0139E /* pitchcount.app */ = {isa = PBXFileReference; explicitFileType = wrapper.application; includeInIndex = 0; path = pitchcount.app; sourceTree = BUILT_PRODUCTS_DIR; };
		38C18EBC14CB63FD00D0139E /* UIKit.framework */ = {isa = PBXFileReference; lastKnownFileType = wrapper.framework; name = UIKit.framework; path = System/Library/Frameworks/UIKit.framework; sourceTree = SDKROOT; };
		38C18EBE14CB63FD00D0139E /* Foundation.framework */ = {isa = PBXFileReference; lastKnownFileType = wrapper.framework; name = Foundation.framework; path = System/Library/Frameworks/Foundation.framework; sourceTree = SDKROOT; };
		38C18EC014CB63FD00D0139E /* CoreGraphics.framework */ = {isa = PBXFileReference; lastKnownFileType = wrapper.framework; name = CoreGraphics.framework; path = System/Library/Frameworks/CoreGraphics.framework; sourceTree = SDKROOT; };
		38C18EC414CB63FD00D0139E /* PitchCount-Info.plist */ = {isa = PBXFileReference; lastKnownFileType = text.plist.xml; path = "PitchCount-Info.plist"; sourceTree = "<group>"; };
		38C18EC614CB63FD00D0139E /* en */ = {isa = PBXFileReference; lastKnownFileType = text.plist.strings; name = en; path = en.lproj/InfoPlist.strings; sourceTree = "<group>"; };
		38C18EC814CB63FD00D0139E /* main.m */ = {isa = PBXFileReference; lastKnownFileType = sourcecode.c.objc; path = main.m; sourceTree = "<group>"; };
		38C18ECA14CB63FD00D0139E /* PitchCount-Prefix.pch */ = {isa = PBXFileReference; lastKnownFileType = sourcecode.c.h; path = "PitchCount-Prefix.pch"; sourceTree = "<group>"; };
		38C18ECB14CB63FD00D0139E /* AppDelegate.h */ = {isa = PBXFileReference; lastKnownFileType = sourcecode.c.h; path = AppDelegate.h; sourceTree = "<group>"; };
		38C18ECC14CB63FD00D0139E /* AppDelegate.m */ = {isa = PBXFileReference; lastKnownFileType = sourcecode.c.objc; path = AppDelegate.m; sourceTree = "<group>"; };
		38C18ECF14CB63FD00D0139E /* en */ = {isa = PBXFileReference; lastKnownFileType = file.storyboard; name = en; path = en.lproj/MainStoryboard.storyboard; sourceTree = "<group>"; };
		38C18ED114CB63FE00D0139E /* HomeViewController.h */ = {isa = PBXFileReference; lastKnownFileType = sourcecode.c.h; path = HomeViewController.h; sourceTree = "<group>"; };
		38C18ED214CB63FE00D0139E /* HomeViewController.m */ = {isa = PBXFileReference; lastKnownFileType = sourcecode.c.objc; path = HomeViewController.m; sourceTree = "<group>"; };
		38C18ED814CB63FE00D0139E /* StatisticsViewController.h */ = {isa = PBXFileReference; lastKnownFileType = sourcecode.c.h; path = StatisticsViewController.h; sourceTree = "<group>"; };
		38C18ED914CB63FE00D0139E /* StatisticsViewController.m */ = {isa = PBXFileReference; lastKnownFileType = sourcecode.c.objc; path = StatisticsViewController.m; sourceTree = "<group>"; };
		38C18EE414CB63FE00D0139E /* PitchCountTests.octest */ = {isa = PBXFileReference; explicitFileType = wrapper.cfbundle; includeInIndex = 0; path = PitchCountTests.octest; sourceTree = BUILT_PRODUCTS_DIR; };
		38C18EE514CB63FE00D0139E /* SenTestingKit.framework */ = {isa = PBXFileReference; lastKnownFileType = wrapper.framework; name = SenTestingKit.framework; path = Library/Frameworks/SenTestingKit.framework; sourceTree = DEVELOPER_DIR; };
		38C18EED14CB63FE00D0139E /* PitchCountTests-Info.plist */ = {isa = PBXFileReference; lastKnownFileType = text.plist.xml; path = "PitchCountTests-Info.plist"; sourceTree = "<group>"; };
		38C18EEF14CB63FE00D0139E /* en */ = {isa = PBXFileReference; lastKnownFileType = text.plist.strings; name = en; path = en.lproj/InfoPlist.strings; sourceTree = "<group>"; };
		38C18EF114CB63FE00D0139E /* PitchCountTests.h */ = {isa = PBXFileReference; lastKnownFileType = sourcecode.c.h; path = PitchCountTests.h; sourceTree = "<group>"; };
		38C18EF214CB63FE00D0139E /* PitchCountTests.m */ = {isa = PBXFileReference; lastKnownFileType = sourcecode.c.objc; path = PitchCountTests.m; sourceTree = "<group>"; };
		38C18F0114CB688400D0139E /* DateCell.xib */ = {isa = PBXFileReference; fileEncoding = 4; lastKnownFileType = file.xib; path = DateCell.xib; sourceTree = "<group>"; };
		38C18F0814CB753400D0139E /* PitcherInfoHeader.xib */ = {isa = PBXFileReference; fileEncoding = 4; lastKnownFileType = file.xib; path = PitcherInfoHeader.xib; sourceTree = "<group>"; };
		38C6434C14DEEE77007D2E5A /* StatisticsTitleView.xib */ = {isa = PBXFileReference; fileEncoding = 4; lastKnownFileType = file.xib; path = StatisticsTitleView.xib; sourceTree = "<group>"; };
		38E9FC2D14D1DDDC00B48985 /* CoreData.framework */ = {isa = PBXFileReference; lastKnownFileType = wrapper.framework; name = CoreData.framework; path = System/Library/Frameworks/CoreData.framework; sourceTree = SDKROOT; };
		38E9FC3114D22B1A00B48985 /* DataModel.xcdatamodel */ = {isa = PBXFileReference; lastKnownFileType = wrapper.xcdatamodel; path = DataModel.xcdatamodel; sourceTree = "<group>"; };
		38E9FC3314D22F1B00B48985 /* PitcherListTableViewController.h */ = {isa = PBXFileReference; fileEncoding = 4; lastKnownFileType = sourcecode.c.h; path = PitcherListTableViewController.h; sourceTree = "<group>"; };
		38E9FC3414D22F1B00B48985 /* PitcherListTableViewController.m */ = {isa = PBXFileReference; fileEncoding = 4; lastKnownFileType = sourcecode.c.objc; path = PitcherListTableViewController.m; sourceTree = "<group>"; };
		38E9FCD714D2650F00B48985 /* AddPitcherTableViewController.h */ = {isa = PBXFileReference; fileEncoding = 4; lastKnownFileType = sourcecode.c.h; path = AddPitcherTableViewController.h; sourceTree = "<group>"; };
		38E9FCD814D2650F00B48985 /* AddPitcherTableViewController.m */ = {isa = PBXFileReference; fileEncoding = 4; lastKnownFileType = sourcecode.c.objc; path = AddPitcherTableViewController.m; sourceTree = "<group>"; };
		38FC9A3414E07AA100093227 /* tmp.h */ = {isa = PBXFileReference; fileEncoding = 4; lastKnownFileType = sourcecode.c.h; path = tmp.h; sourceTree = "<group>"; };
		38FC9A3514E07AA100093227 /* tmp.m */ = {isa = PBXFileReference; fileEncoding = 4; lastKnownFileType = sourcecode.c.objc; path = tmp.m; sourceTree = "<group>"; };
		38FC9A3E14E0BB3300093227 /* Game.h */ = {isa = PBXFileReference; fileEncoding = 4; lastKnownFileType = sourcecode.c.h; name = Game.h; path = ../Game.h; sourceTree = "<group>"; };
		38FC9A3F14E0BB3300093227 /* Game.m */ = {isa = PBXFileReference; fileEncoding = 4; lastKnownFileType = sourcecode.c.objc; name = Game.m; path = ../Game.m; sourceTree = "<group>"; };
		38FC9A4114E0BB3400093227 /* Pitcher.h */ = {isa = PBXFileReference; fileEncoding = 4; lastKnownFileType = sourcecode.c.h; name = Pitcher.h; path = ../Pitcher.h; sourceTree = "<group>"; };
		38FC9A4214E0BB3400093227 /* Pitcher.m */ = {isa = PBXFileReference; fileEncoding = 4; lastKnownFileType = sourcecode.c.objc; name = Pitcher.m; path = ../Pitcher.m; sourceTree = "<group>"; };
/* End PBXFileReference section */

/* Begin PBXFrameworksBuildPhase section */
		38C18EB514CB63FD00D0139E /* Frameworks */ = {
			isa = PBXFrameworksBuildPhase;
			buildActionMask = 2147483647;
			files = (
				38E9FC2E14D1DDDC00B48985 /* CoreData.framework in Frameworks */,
				38C18EBD14CB63FD00D0139E /* UIKit.framework in Frameworks */,
				38C18EBF14CB63FD00D0139E /* Foundation.framework in Frameworks */,
				38C18EC114CB63FD00D0139E /* CoreGraphics.framework in Frameworks */,
			);
			runOnlyForDeploymentPostprocessing = 0;
		};
		38C18EE014CB63FE00D0139E /* Frameworks */ = {
			isa = PBXFrameworksBuildPhase;
			buildActionMask = 2147483647;
			files = (
				38C18EE614CB63FE00D0139E /* SenTestingKit.framework in Frameworks */,
				38C18EE714CB63FE00D0139E /* UIKit.framework in Frameworks */,
				38C18EE814CB63FE00D0139E /* Foundation.framework in Frameworks */,
			);
			runOnlyForDeploymentPostprocessing = 0;
		};
/* End PBXFrameworksBuildPhase section */

/* Begin PBXGroup section */
		38059E0114D930A200905143 /* Data Model */ = {
			isa = PBXGroup;
			children = (
				38FC9A4114E0BB3400093227 /* Pitcher.h */,
				38FC9A4214E0BB3400093227 /* Pitcher.m */,
				38FC9A3E14E0BB3300093227 /* Game.h */,
				38FC9A3F14E0BB3300093227 /* Game.m */,
				38E9FC3014D22B1A00B48985 /* DataModel.xcdatamodeld */,
			);
			name = "Data Model";
			sourceTree = "<group>";
		};
		3830962514D863C200DB7B61 /* Modes */ = {
			isa = PBXGroup;
			children = (
				3830964414D8719C00DB7B61 /* strikezoneRight.png */,
				384D092C14E419B5009FA89C /* BaseModeViewController.h */,
				384D092D14E419B5009FA89C /* BaseModeViewController.m */,
				3830963F14D8715F00DB7B61 /* StrikeZoneModeViewController.h */,
				3830964014D8715F00DB7B61 /* StrikeZoneModeViewController.m */,
				3830964114D8715F00DB7B61 /* StrikeZoneModeViewController.xib */,
				3830963914D86FCD00DB7B61 /* ballZone.png */,
				3830963A14D86FCD00DB7B61 /* strikezone.png */,
				3830963714D86E4300DB7B61 /* batterRight.png */,
				3830963514D86A8C00DB7B61 /* icon_ball.png */,
				3830962A14D863F900DB7B61 /* table.png */,
				38A1851B14E6B29C00454473 /* PlusMinusModeViewController.h */,
				38A1851C14E6B29C00454473 /* PlusMinusModeViewController.m */,
			);
			name = Modes;
			sourceTree = "<group>";
		};
		38357CDF14DBF8F7004AA98A /* Main Views */ = {
			isa = PBXGroup;
			children = (
				38C18ED114CB63FE00D0139E /* HomeViewController.h */,
				38C18ED214CB63FE00D0139E /* HomeViewController.m */,
				38C18ED814CB63FE00D0139E /* StatisticsViewController.h */,
				38C18ED914CB63FE00D0139E /* StatisticsViewController.m */,
				38FC9A3414E07AA100093227 /* tmp.h */,
				38FC9A3514E07AA100093227 /* tmp.m */,
			);
			name = "Main Views";
			sourceTree = "<group>";
		};
		38A1852314E6B7B200454473 /* Images */ = {
			isa = PBXGroup;
			children = (
				38A1852A14E6BE0B00454473 /* tableBGRed.png */,
				38A1852814E6BC4300454473 /* back_img.png */,
				38A1852414E6B81700454473 /* icon_minus.png */,
				38A1852514E6B81700454473 /* icon_plus.png */,
				38059E0214D93D7400905143 /* icon_info.png */,
				3830963314D86A7100DB7B61 /* Default.png */,
			);
			name = Images;
			sourceTree = "<group>";
		};
		38C18EAD14CB63FD00D0139E = {
			isa = PBXGroup;
			children = (
				38E9FC2D14D1DDDC00B48985 /* CoreData.framework */,
				38C18EC214CB63FD00D0139E /* PitchCount */,
				38C18EEB14CB63FE00D0139E /* PitchCountTests */,
				38C18EBB14CB63FD00D0139E /* Frameworks */,
				38C18EB914CB63FD00D0139E /* Products */,
			);
			sourceTree = "<group>";
		};
		38C18EB914CB63FD00D0139E /* Products */ = {
			isa = PBXGroup;
			children = (
				38C18EB814CB63FD00D0139E /* pitchcount.app */,
				38C18EE414CB63FE00D0139E /* PitchCountTests.octest */,
			);
			name = Products;
			sourceTree = "<group>";
		};
		38C18EBB14CB63FD00D0139E /* Frameworks */ = {
			isa = PBXGroup;
			children = (
				38C18EBC14CB63FD00D0139E /* UIKit.framework */,
				38C18EBE14CB63FD00D0139E /* Foundation.framework */,
				38C18EC014CB63FD00D0139E /* CoreGraphics.framework */,
				38C18EE514CB63FE00D0139E /* SenTestingKit.framework */,
			);
			name = Frameworks;
			sourceTree = "<group>";
		};
		38C18EC214CB63FD00D0139E /* PitchCount */ = {
			isa = PBXGroup;
			children = (
				38C6434B14DEEE4F007D2E5A /* Custom Views */,
				38A1852314E6B7B200454473 /* Images */,
				38059E0114D930A200905143 /* Data Model */,
				3830962514D863C200DB7B61 /* Modes */,
				38C18F0714CB750500D0139E /* Table Cells and Headers */,
				38C18ECB14CB63FD00D0139E /* AppDelegate.h */,
				38C18ECC14CB63FD00D0139E /* AppDelegate.m */,
				38C18ECE14CB63FD00D0139E /* MainStoryboard.storyboard */,
				38357CDF14DBF8F7004AA98A /* Main Views */,
				38E9FC3314D22F1B00B48985 /* PitcherListTableViewController.h */,
				38E9FC3414D22F1B00B48985 /* PitcherListTableViewController.m */,
				38C18EC314CB63FD00D0139E /* Supporting Files */,
				38E9FCD714D2650F00B48985 /* AddPitcherTableViewController.h */,
				38E9FCD814D2650F00B48985 /* AddPitcherTableViewController.m */,
			);
			path = PitchCount;
			sourceTree = "<group>";
		};
		38C18EC314CB63FD00D0139E /* Supporting Files */ = {
			isa = PBXGroup;
			children = (
				38C18EC414CB63FD00D0139E /* PitchCount-Info.plist */,
				38C18EC514CB63FD00D0139E /* InfoPlist.strings */,
				38C18EC814CB63FD00D0139E /* main.m */,
				38C18ECA14CB63FD00D0139E /* PitchCount-Prefix.pch */,
			);
			name = "Supporting Files";
			sourceTree = "<group>";
		};
		38C18EEB14CB63FE00D0139E /* PitchCountTests */ = {
			isa = PBXGroup;
			children = (
				38C18EF114CB63FE00D0139E /* PitchCountTests.h */,
				38C18EF214CB63FE00D0139E /* PitchCountTests.m */,
				38C18EEC14CB63FE00D0139E /* Supporting Files */,
			);
			path = PitchCountTests;
			sourceTree = "<group>";
		};
		38C18EEC14CB63FE00D0139E /* Supporting Files */ = {
			isa = PBXGroup;
			children = (
				38C18EED14CB63FE00D0139E /* PitchCountTests-Info.plist */,
				38C18EEE14CB63FE00D0139E /* InfoPlist.strings */,
			);
			name = "Supporting Files";
			sourceTree = "<group>";
		};
		38C18F0714CB750500D0139E /* Table Cells and Headers */ = {
			isa = PBXGroup;
			children = (
				38C18F0114CB688400D0139E /* DateCell.xib */,
				38C18F0814CB753400D0139E /* PitcherInfoHeader.xib */,
			);
			name = "Table Cells and Headers";
			sourceTree = "<group>";
		};
		38C6434B14DEEE4F007D2E5A /* Custom Views */ = {
			isa = PBXGroup;
			children = (
				38C6434C14DEEE77007D2E5A /* StatisticsTitleView.xib */,
			);
			name = "Custom Views";
			sourceTree = "<group>";
		};
/* End PBXGroup section */

/* Begin PBXNativeTarget section */
		38C18EB714CB63FD00D0139E /* pitchcount */ = {
			isa = PBXNativeTarget;
			buildConfigurationList = 38C18EF614CB63FE00D0139E /* Build configuration list for PBXNativeTarget "pitchcount" */;
			buildPhases = (
				38C18EB414CB63FD00D0139E /* Sources */,
				38C18EB514CB63FD00D0139E /* Frameworks */,
				38C18EB614CB63FD00D0139E /* Resources */,
			);
			buildRules = (
			);
			dependencies = (
			);
			name = pitchcount;
			productName = PitchCount;
			productReference = 38C18EB814CB63FD00D0139E /* pitchcount.app */;
			productType = "com.apple.product-type.application";
		};
		38C18EE314CB63FE00D0139E /* PitchCountTests */ = {
			isa = PBXNativeTarget;
			buildConfigurationList = 38C18EF914CB63FE00D0139E /* Build configuration list for PBXNativeTarget "PitchCountTests" */;
			buildPhases = (
				38C18EDF14CB63FE00D0139E /* Sources */,
				38C18EE014CB63FE00D0139E /* Frameworks */,
				38C18EE114CB63FE00D0139E /* Resources */,
				38C18EE214CB63FE00D0139E /* ShellScript */,
			);
			buildRules = (
			);
			dependencies = (
				38C18EEA14CB63FE00D0139E /* PBXTargetDependency */,
			);
			name = PitchCountTests;
			productName = PitchCountTests;
			productReference = 38C18EE414CB63FE00D0139E /* PitchCountTests.octest */;
			productType = "com.apple.product-type.bundle";
		};
/* End PBXNativeTarget section */

/* Begin PBXProject section */
		38C18EAF14CB63FD00D0139E /* Project object */ = {
			isa = PBXProject;
			attributes = {
				LastUpgradeCheck = 0420;
			};
			buildConfigurationList = 38C18EB214CB63FD00D0139E /* Build configuration list for PBXProject "PitchCount" */;
			compatibilityVersion = "Xcode 3.2";
			developmentRegion = English;
			hasScannedForEncodings = 0;
			knownRegions = (
				en,
			);
			mainGroup = 38C18EAD14CB63FD00D0139E;
			productRefGroup = 38C18EB914CB63FD00D0139E /* Products */;
			projectDirPath = "";
			projectRoot = "";
			targets = (
				38C18EB714CB63FD00D0139E /* pitchcount */,
				38C18EE314CB63FE00D0139E /* PitchCountTests */,
			);
		};
/* End PBXProject section */

/* Begin PBXResourcesBuildPhase section */
		38C18EB614CB63FD00D0139E /* Resources */ = {
			isa = PBXResourcesBuildPhase;
			buildActionMask = 2147483647;
			files = (
				38D677E614D333E0002EF95B /* DataModel.xcdatamodeld in Resources */,
				38C18EC714CB63FD00D0139E /* InfoPlist.strings in Resources */,
				38C18ED014CB63FE00D0139E /* MainStoryboard.storyboard in Resources */,
				38C18F0214CB688400D0139E /* DateCell.xib in Resources */,
				38C18F0914CB753400D0139E /* PitcherInfoHeader.xib in Resources */,
				3830962E14D863F900DB7B61 /* table.png in Resources */,
				3830963414D86A7100DB7B61 /* Default.png in Resources */,
				3830963614D86A8C00DB7B61 /* icon_ball.png in Resources */,
				3830963814D86E4300DB7B61 /* batterRight.png in Resources */,
				3830963B14D86FCD00DB7B61 /* ballZone.png in Resources */,
				3830963C14D86FCD00DB7B61 /* strikezone.png in Resources */,
				3830964314D8715F00DB7B61 /* StrikeZoneModeViewController.xib in Resources */,
				3830964514D8719C00DB7B61 /* strikezoneRight.png in Resources */,
				38059E0314D93D7400905143 /* icon_info.png in Resources */,
				38C6434D14DEEE77007D2E5A /* StatisticsTitleView.xib in Resources */,
				38A1852614E6B81700454473 /* icon_minus.png in Resources */,
				38A1852714E6B81700454473 /* icon_plus.png in Resources */,
				38A1852914E6BC4300454473 /* back_img.png in Resources */,
				38A1852B14E6BE0B00454473 /* tableBGRed.png in Resources */,
			);
			runOnlyForDeploymentPostprocessing = 0;
		};
		38C18EE114CB63FE00D0139E /* Resources */ = {
			isa = PBXResourcesBuildPhase;
			buildActionMask = 2147483647;
			files = (
				38C18EF014CB63FE00D0139E /* InfoPlist.strings in Resources */,
			);
			runOnlyForDeploymentPostprocessing = 0;
		};
/* End PBXResourcesBuildPhase section */

/* Begin PBXShellScriptBuildPhase section */
		38C18EE214CB63FE00D0139E /* ShellScript */ = {
			isa = PBXShellScriptBuildPhase;
			buildActionMask = 2147483647;
			files = (
			);
			inputPaths = (
			);
			outputPaths = (
			);
			runOnlyForDeploymentPostprocessing = 0;
			shellPath = /bin/sh;
			shellScript = "# Run the unit tests in this test bundle.\n\"${SYSTEM_DEVELOPER_DIR}/Tools/RunUnitTests\"\n";
		};
/* End PBXShellScriptBuildPhase section */

/* Begin PBXSourcesBuildPhase section */
		38C18EB414CB63FD00D0139E /* Sources */ = {
			isa = PBXSourcesBuildPhase;
			buildActionMask = 2147483647;
			files = (
				38C18EC914CB63FD00D0139E /* main.m in Sources */,
				38C18ECD14CB63FD00D0139E /* AppDelegate.m in Sources */,
				38C18ED314CB63FE00D0139E /* HomeViewController.m in Sources */,
				38C18EDA14CB63FE00D0139E /* StatisticsViewController.m in Sources */,
				38E9FC3214D22B1A00B48985 /* DataModel.xcdatamodeld in Sources */,
				38E9FC3514D22F1B00B48985 /* PitcherListTableViewController.m in Sources */,
				38E9FCD914D2650F00B48985 /* AddPitcherTableViewController.m in Sources */,
				3830964214D8715F00DB7B61 /* StrikeZoneModeViewController.m in Sources */,
				38FC9A3614E07AA100093227 /* tmp.m in Sources */,
				38FC9A4014E0BB3300093227 /* Game.m in Sources */,
				38FC9A4314E0BB3400093227 /* Pitcher.m in Sources */,
				384D092E14E419B5009FA89C /* BaseModeViewController.m in Sources */,
				38A1851D14E6B29C00454473 /* PlusMinusModeViewController.m in Sources */,
			);
			runOnlyForDeploymentPostprocessing = 0;
		};
		38C18EDF14CB63FE00D0139E /* Sources */ = {
			isa = PBXSourcesBuildPhase;
			buildActionMask = 2147483647;
			files = (
				38C18EF314CB63FE00D0139E /* PitchCountTests.m in Sources */,
			);
			runOnlyForDeploymentPostprocessing = 0;
		};
/* End PBXSourcesBuildPhase section */

/* Begin PBXTargetDependency section */
		38C18EEA14CB63FE00D0139E /* PBXTargetDependency */ = {
			isa = PBXTargetDependency;
			target = 38C18EB714CB63FD00D0139E /* pitchcount */;
			targetProxy = 38C18EE914CB63FE00D0139E /* PBXContainerItemProxy */;
		};
/* End PBXTargetDependency section */

/* Begin PBXVariantGroup section */
		38C18EC514CB63FD00D0139E /* InfoPlist.strings */ = {
			isa = PBXVariantGroup;
			children = (
				38C18EC614CB63FD00D0139E /* en */,
			);
			name = InfoPlist.strings;
			sourceTree = "<group>";
		};
		38C18ECE14CB63FD00D0139E /* MainStoryboard.storyboard */ = {
			isa = PBXVariantGroup;
			children = (
				38C18ECF14CB63FD00D0139E /* en */,
			);
			name = MainStoryboard.storyboard;
			sourceTree = "<group>";
		};
		38C18EEE14CB63FE00D0139E /* InfoPlist.strings */ = {
			isa = PBXVariantGroup;
			children = (
				38C18EEF14CB63FE00D0139E /* en */,
			);
			name = InfoPlist.strings;
			sourceTree = "<group>";
		};
/* End PBXVariantGroup section */

/* Begin XCBuildConfiguration section */
		38C18EF414CB63FE00D0139E /* Debug */ = {
			isa = XCBuildConfiguration;
			buildSettings = {
				ALWAYS_SEARCH_USER_PATHS = NO;
				ARCHS = "$(ARCHS_STANDARD_32_BIT)";
				CLANG_ENABLE_OBJC_ARC = YES;
				CODE_SIGN_IDENTITY = "iPhone Developer: Claude Keswani (7UAG3Z5TJA)";
				"CODE_SIGN_IDENTITY[sdk=iphoneos*]" = "iPhone Developer: Claude Keswani (7UAG3Z5TJA)";
				COPY_PHASE_STRIP = NO;
				GCC_C_LANGUAGE_STANDARD = gnu99;
				GCC_DYNAMIC_NO_PIC = NO;
				GCC_OPTIMIZATION_LEVEL = 0;
				GCC_PREPROCESSOR_DEFINITIONS = (
					"DEBUG=1",
					"$(inherited)",
				);
				GCC_SYMBOLS_PRIVATE_EXTERN = NO;
				GCC_VERSION = com.apple.compilers.llvm.clang.1_0;
				GCC_WARN_ABOUT_MISSING_PROTOTYPES = YES;
				GCC_WARN_ABOUT_RETURN_TYPE = YES;
				GCC_WARN_UNUSED_VARIABLE = YES;
				IPHONEOS_DEPLOYMENT_TARGET = 5.0;
				PROVISIONING_PROFILE = "2072073B-E59B-419B-B470-F8384CCA4ABA";
				"PROVISIONING_PROFILE[sdk=iphoneos*]" = "2072073B-E59B-419B-B470-F8384CCA4ABA";
				SDKROOT = iphoneos;
			};
			name = Debug;
		};
		38C18EF514CB63FE00D0139E /* Release */ = {
			isa = XCBuildConfiguration;
			buildSettings = {
				ALWAYS_SEARCH_USER_PATHS = NO;
				ARCHS = "$(ARCHS_STANDARD_32_BIT)";
				CLANG_ENABLE_OBJC_ARC = YES;
				CODE_SIGN_IDENTITY = "iPhone Developer: Claude Keswani (7UAG3Z5TJA)";
				"CODE_SIGN_IDENTITY[sdk=iphoneos*]" = "iPhone Developer: Claude Keswani (7UAG3Z5TJA)";
				COPY_PHASE_STRIP = YES;
				GCC_C_LANGUAGE_STANDARD = gnu99;
				GCC_VERSION = com.apple.compilers.llvm.clang.1_0;
				GCC_WARN_ABOUT_MISSING_PROTOTYPES = YES;
				GCC_WARN_ABOUT_RETURN_TYPE = YES;
				GCC_WARN_UNUSED_VARIABLE = YES;
				IPHONEOS_DEPLOYMENT_TARGET = 5.0;
				OTHER_CFLAGS = "-DNS_BLOCK_ASSERTIONS=1";
				PROVISIONING_PROFILE = "2072073B-E59B-419B-B470-F8384CCA4ABA";
				"PROVISIONING_PROFILE[sdk=iphoneos*]" = "2072073B-E59B-419B-B470-F8384CCA4ABA";
				SDKROOT = iphoneos;
				VALIDATE_PRODUCT = YES;
			};
			name = Release;
		};
		38C18EF714CB63FE00D0139E /* Debug */ = {
			isa = XCBuildConfiguration;
			buildSettings = {
				GCC_PRECOMPILE_PREFIX_HEADER = YES;
				GCC_PREFIX_HEADER = "PitchCount/PitchCount-Prefix.pch";
				INFOPLIST_FILE = "PitchCount/PitchCount-Info.plist";
				PRODUCT_NAME = "$(TARGET_NAME)";
				WRAPPER_EXTENSION = app;
			};
			name = Debug;
		};
		38C18EF814CB63FE00D0139E /* Release */ = {
			isa = XCBuildConfiguration;
			buildSettings = {
				GCC_PRECOMPILE_PREFIX_HEADER = YES;
				GCC_PREFIX_HEADER = "PitchCount/PitchCount-Prefix.pch";
				INFOPLIST_FILE = "PitchCount/PitchCount-Info.plist";
				PRODUCT_NAME = "$(TARGET_NAME)";
				WRAPPER_EXTENSION = app;
			};
			name = Release;
		};
		38C18EFA14CB63FE00D0139E /* Debug */ = {
			isa = XCBuildConfiguration;
			buildSettings = {
				BUNDLE_LOADER = "$(BUILT_PRODUCTS_DIR)/PitchCount.app/PitchCount";
				FRAMEWORK_SEARCH_PATHS = (
					"$(SDKROOT)/Developer/Library/Frameworks",
					"$(DEVELOPER_LIBRARY_DIR)/Frameworks",
				);
				GCC_PRECOMPILE_PREFIX_HEADER = YES;
				GCC_PREFIX_HEADER = "PitchCount/PitchCount-Prefix.pch";
				INFOPLIST_FILE = "PitchCountTests/PitchCountTests-Info.plist";
				PRODUCT_NAME = "$(TARGET_NAME)";
				TEST_HOST = "$(BUNDLE_LOADER)";
				WRAPPER_EXTENSION = octest;
			};
			name = Debug;
		};
		38C18EFB14CB63FE00D0139E /* Release */ = {
			isa = XCBuildConfiguration;
			buildSettings = {
				BUNDLE_LOADER = "$(BUILT_PRODUCTS_DIR)/PitchCount.app/PitchCount";
				FRAMEWORK_SEARCH_PATHS = (
					"$(SDKROOT)/Developer/Library/Frameworks",
					"$(DEVELOPER_LIBRARY_DIR)/Frameworks",
				);
				GCC_PRECOMPILE_PREFIX_HEADER = YES;
				GCC_PREFIX_HEADER = "PitchCount/PitchCount-Prefix.pch";
				INFOPLIST_FILE = "PitchCountTests/PitchCountTests-Info.plist";
				PRODUCT_NAME = "$(TARGET_NAME)";
				TEST_HOST = "$(BUNDLE_LOADER)";
				WRAPPER_EXTENSION = octest;
			};
			name = Release;
		};
/* End XCBuildConfiguration section */

/* Begin XCConfigurationList section */
		38C18EB214CB63FD00D0139E /* Build configuration list for PBXProject "PitchCount" */ = {
			isa = XCConfigurationList;
			buildConfigurations = (
				38C18EF414CB63FE00D0139E /* Debug */,
				38C18EF514CB63FE00D0139E /* Release */,
			);
			defaultConfigurationIsVisible = 0;
			defaultConfigurationName = Release;
		};
		38C18EF614CB63FE00D0139E /* Build configuration list for PBXNativeTarget "pitchcount" */ = {
			isa = XCConfigurationList;
			buildConfigurations = (
				38C18EF714CB63FE00D0139E /* Debug */,
				38C18EF814CB63FE00D0139E /* Release */,
			);
			defaultConfigurationIsVisible = 0;
			defaultConfigurationName = Release;
		};
		38C18EF914CB63FE00D0139E /* Build configuration list for PBXNativeTarget "PitchCountTests" */ = {
			isa = XCConfigurationList;
			buildConfigurations = (
				38C18EFA14CB63FE00D0139E /* Debug */,
				38C18EFB14CB63FE00D0139E /* Release */,
			);
			defaultConfigurationIsVisible = 0;
			defaultConfigurationName = Release;
		};
/* End XCConfigurationList section */

/* Begin XCVersionGroup section */
		38E9FC3014D22B1A00B48985 /* DataModel.xcdatamodeld */ = {
			isa = XCVersionGroup;
			children = (
				38E9FC3114D22B1A00B48985 /* DataModel.xcdatamodel */,
			);
			currentVersion = 38E9FC3114D22B1A00B48985 /* DataModel.xcdatamodel */;
			path = DataModel.xcdatamodeld;
			sourceTree = "<group>";
			versionGroupType = wrapper.xcdatamodel;
		};
/* End XCVersionGroup section */
	};
	rootObject = 38C18EAF14CB63FD00D0139E /* Project object */;
}
